// !$*UTF8*$!
{
	archiveVersion = 1;
	classes = {
	};
	objectVersion = 46;
	objects = {

/* Begin PBXBuildFile section */
		F1A14CB21DD6B33F00262503 /* AppDelegate.swift in Sources */ = {isa = PBXBuildFile; fileRef = F1A14CB11DD6B33F00262503 /* AppDelegate.swift */; };
		F1A14CB41DD6B33F00262503 /* ViewController.swift in Sources */ = {isa = PBXBuildFile; fileRef = F1A14CB31DD6B33F00262503 /* ViewController.swift */; };
		F1A14CB71DD6B33F00262503 /* Main.storyboard in Resources */ = {isa = PBXBuildFile; fileRef = F1A14CB51DD6B33F00262503 /* Main.storyboard */; };
		F1A14CB91DD6B33F00262503 /* Assets.xcassets in Resources */ = {isa = PBXBuildFile; fileRef = F1A14CB81DD6B33F00262503 /* Assets.xcassets */; };
		F1A14CBC1DD6B33F00262503 /* LaunchScreen.storyboard in Resources */ = {isa = PBXBuildFile; fileRef = F1A14CBA1DD6B33F00262503 /* LaunchScreen.storyboard */; };
		F1A14CC71DD6B33F00262503 /* HawaiiTests.swift in Sources */ = {isa = PBXBuildFile; fileRef = F1A14CC61DD6B33F00262503 /* HawaiiTests.swift */; };
/* End PBXBuildFile section */

/* Begin PBXContainerItemProxy section */
		F1A14CC31DD6B33F00262503 /* PBXContainerItemProxy */ = {
			isa = PBXContainerItemProxy;
			containerPortal = F1A14CA61DD6B33F00262503 /* Project object */;
			proxyType = 1;
			remoteGlobalIDString = F1A14CAD1DD6B33F00262503;
			remoteInfo = Hawaii;
		};
/* End PBXContainerItemProxy section */

/* Begin PBXFileReference section */
		F1A14CAE1DD6B33F00262503 /* Hawaii.app */ = {isa = PBXFileReference; explicitFileType = wrapper.application; includeInIndex = 0; path = Hawaii.app; sourceTree = BUILT_PRODUCTS_DIR; };
		F1A14CB11DD6B33F00262503 /* AppDelegate.swift */ = {isa = PBXFileReference; lastKnownFileType = sourcecode.swift; path = AppDelegate.swift; sourceTree = "<group>"; };
		F1A14CB31DD6B33F00262503 /* ViewController.swift */ = {isa = PBXFileReference; lastKnownFileType = sourcecode.swift; path = ViewController.swift; sourceTree = "<group>"; };
		F1A14CB61DD6B33F00262503 /* Base */ = {isa = PBXFileReference; lastKnownFileType = file.storyboard; name = Base; path = Base.lproj/Main.storyboard; sourceTree = "<group>"; };
		F1A14CB81DD6B33F00262503 /* Assets.xcassets */ = {isa = PBXFileReference; lastKnownFileType = folder.assetcatalog; path = Assets.xcassets; sourceTree = "<group>"; };
		F1A14CBB1DD6B33F00262503 /* Base */ = {isa = PBXFileReference; lastKnownFileType = file.storyboard; name = Base; path = Base.lproj/LaunchScreen.storyboard; sourceTree = "<group>"; };
		F1A14CBD1DD6B33F00262503 /* Info.plist */ = {isa = PBXFileReference; lastKnownFileType = text.plist.xml; path = Info.plist; sourceTree = "<group>"; };
		F1A14CC21DD6B33F00262503 /* HawaiiTests.xctest */ = {isa = PBXFileReference; explicitFileType = wrapper.cfbundle; includeInIndex = 0; path = HawaiiTests.xctest; sourceTree = BUILT_PRODUCTS_DIR; };
		F1A14CC61DD6B33F00262503 /* HawaiiTests.swift */ = {isa = PBXFileReference; lastKnownFileType = sourcecode.swift; path = HawaiiTests.swift; sourceTree = "<group>"; };
		F1A14CC81DD6B33F00262503 /* Info.plist */ = {isa = PBXFileReference; lastKnownFileType = text.plist.xml; path = Info.plist; sourceTree = "<group>"; };
/* End PBXFileReference section */

/* Begin PBXFrameworksBuildPhase section */
		F1A14CAB1DD6B33F00262503 /* Frameworks */ = {
			isa = PBXFrameworksBuildPhase;
			buildActionMask = 2147483647;
			files = (
			);
			runOnlyForDeploymentPostprocessing = 0;
		};
		F1A14CBF1DD6B33F00262503 /* Frameworks */ = {
			isa = PBXFrameworksBuildPhase;
			buildActionMask = 2147483647;
			files = (
			);
			runOnlyForDeploymentPostprocessing = 0;
		};
/* End PBXFrameworksBuildPhase section */

/* Begin PBXGroup section */
		F1A14CA51DD6B33F00262503 = {
			isa = PBXGroup;
			children = (
				F1A14CB01DD6B33F00262503 /* Hawaii */,
				F1A14CC51DD6B33F00262503 /* HawaiiTests */,
				F1A14CAF1DD6B33F00262503 /* Products */,
			);
			sourceTree = "<group>";
		};
		F1A14CAF1DD6B33F00262503 /* Products */ = {
			isa = PBXGroup;
			children = (
				F1A14CAE1DD6B33F00262503 /* Hawaii.app */,
				F1A14CC21DD6B33F00262503 /* HawaiiTests.xctest */,
			);
			name = Products;
			sourceTree = "<group>";
		};
		F1A14CB01DD6B33F00262503 /* Hawaii */ = {
			isa = PBXGroup;
			children = (
				F1A14CB11DD6B33F00262503 /* AppDelegate.swift */,
				F1A14CB31DD6B33F00262503 /* ViewController.swift */,
				F1A14CB51DD6B33F00262503 /* Main.storyboard */,
				F1A14CB81DD6B33F00262503 /* Assets.xcassets */,
				F1A14CBA1DD6B33F00262503 /* LaunchScreen.storyboard */,
				F1A14CBD1DD6B33F00262503 /* Info.plist */,
			);
			path = Hawaii;
			sourceTree = "<group>";
		};
		F1A14CC51DD6B33F00262503 /* HawaiiTests */ = {
			isa = PBXGroup;
			children = (
				F1A14CC61DD6B33F00262503 /* HawaiiTests.swift */,
				F1A14CC81DD6B33F00262503 /* Info.plist */,
			);
			path = HawaiiTests;
			sourceTree = "<group>";
		};
/* End PBXGroup section */

/* Begin PBXNativeTarget section */
		F1A14CAD1DD6B33F00262503 /* Hawaii */ = {
			isa = PBXNativeTarget;
			buildConfigurationList = F1A14CCB1DD6B33F00262503 /* Build configuration list for PBXNativeTarget "Hawaii" */;
			buildPhases = (
				F1A14CAA1DD6B33F00262503 /* Sources */,
				F1A14CAB1DD6B33F00262503 /* Frameworks */,
				F1A14CAC1DD6B33F00262503 /* Resources */,
			);
			buildRules = (
			);
			dependencies = (
			);
			name = Hawaii;
			productName = Hawaii;
			productReference = F1A14CAE1DD6B33F00262503 /* Hawaii.app */;
			productType = "com.apple.product-type.application";
		};
		F1A14CC11DD6B33F00262503 /* HawaiiTests */ = {
			isa = PBXNativeTarget;
			buildConfigurationList = F1A14CCE1DD6B33F00262503 /* Build configuration list for PBXNativeTarget "HawaiiTests" */;
			buildPhases = (
				F1A14CBE1DD6B33F00262503 /* Sources */,
				F1A14CBF1DD6B33F00262503 /* Frameworks */,
				F1A14CC01DD6B33F00262503 /* Resources */,
			);
			buildRules = (
			);
			dependencies = (
				F1A14CC41DD6B33F00262503 /* PBXTargetDependency */,
			);
			name = HawaiiTests;
			productName = HawaiiTests;
			productReference = F1A14CC21DD6B33F00262503 /* HawaiiTests.xctest */;
			productType = "com.apple.product-type.bundle.unit-test";
		};
/* End PBXNativeTarget section */

/* Begin PBXProject section */
		F1A14CA61DD6B33F00262503 /* Project object */ = {
			isa = PBXProject;
			attributes = {
				LastSwiftUpdateCheck = 0810;
				LastUpgradeCheck = 0810;
				ORGANIZATIONNAME = "Ivy Chenyao";
				TargetAttributes = {
					F1A14CAD1DD6B33F00262503 = {
						CreatedOnToolsVersion = 8.1;
						ProvisioningStyle = Automatic;
					};
					F1A14CC11DD6B33F00262503 = {
						CreatedOnToolsVersion = 8.1;
						ProvisioningStyle = Automatic;
						TestTargetID = F1A14CAD1DD6B33F00262503;
					};
				};
			};
			buildConfigurationList = F1A14CA91DD6B33F00262503 /* Build configuration list for PBXProject "Hawaii" */;
			compatibilityVersion = "Xcode 3.2";
			developmentRegion = English;
			hasScannedForEncodings = 0;
			knownRegions = (
				en,
				Base,
			);
			mainGroup = F1A14CA51DD6B33F00262503;
			productRefGroup = F1A14CAF1DD6B33F00262503 /* Products */;
			projectDirPath = "";
			projectRoot = "";
			targets = (
				F1A14CAD1DD6B33F00262503 /* Hawaii */,
				F1A14CC11DD6B33F00262503 /* HawaiiTests */,
			);
		};
/* End PBXProject section */

/* Begin PBXResourcesBuildPhase section */
		F1A14CAC1DD6B33F00262503 /* Resources */ = {
			isa = PBXResourcesBuildPhase;
			buildActionMask = 2147483647;
			files = (
				F1A14CBC1DD6B33F00262503 /* LaunchScreen.storyboard in Resources */,
				F1A14CB91DD6B33F00262503 /* Assets.xcassets in Resources */,
				F1A14CB71DD6B33F00262503 /* Main.storyboard in Resources */,
			);
			runOnlyForDeploymentPostprocessing = 0;
		};
		F1A14CC01DD6B33F00262503 /* Resources */ = {
			isa = PBXResourcesBuildPhase;
			buildActionMask = 2147483647;
			files = (
			);
			runOnlyForDeploymentPostprocessing = 0;
		};
/* End PBXResourcesBuildPhase section */

/* Begin PBXSourcesBuildPhase section */
		F1A14CAA1DD6B33F00262503 /* Sources */ = {
			isa = PBXSourcesBuildPhase;
			buildActionMask = 2147483647;
			files = (
				F1A14CB41DD6B33F00262503 /* ViewController.swift in Sources */,
				F1A14CB21DD6B33F00262503 /* AppDelegate.swift in Sources */,
			);
			runOnlyForDeploymentPostprocessing = 0;
		};
		F1A14CBE1DD6B33F00262503 /* Sources */ = {
			isa = PBXSourcesBuildPhase;
			buildActionMask = 2147483647;
			files = (
				F1A14CC71DD6B33F00262503 /* HawaiiTests.swift in Sources */,
			);
			runOnlyForDeploymentPostprocessing = 0;
		};
/* End PBXSourcesBuildPhase section */

/* Begin PBXTargetDependency section */
		F1A14CC41DD6B33F00262503 /* PBXTargetDependency */ = {
			isa = PBXTargetDependency;
			target = F1A14CAD1DD6B33F00262503 /* Hawaii */;
			targetProxy = F1A14CC31DD6B33F00262503 /* PBXContainerItemProxy */;
		};
/* End PBXTargetDependency section */

/* Begin PBXVariantGroup section */
		F1A14CB51DD6B33F00262503 /* Main.storyboard */ = {
			isa = PBXVariantGroup;
			children = (
				F1A14CB61DD6B33F00262503 /* Base */,
			);
			name = Main.storyboard;
			sourceTree = "<group>";
		};
		F1A14CBA1DD6B33F00262503 /* LaunchScreen.storyboard */ = {
			isa = PBXVariantGroup;
			children = (
				F1A14CBB1DD6B33F00262503 /* Base */,
			);
			name = LaunchScreen.storyboard;
			sourceTree = "<group>";
		};
/* End PBXVariantGroup section */

/* Begin XCBuildConfiguration section */
		F1A14CC91DD6B33F00262503 /* Debug */ = {
			isa = XCBuildConfiguration;
			buildSettings = {
				ALWAYS_SEARCH_USER_PATHS = NO;
				CLANG_ANALYZER_NONNULL = YES;
				CLANG_CXX_LANGUAGE_STANDARD = "gnu++0x";
				CLANG_CXX_LIBRARY = "libc++";
				CLANG_ENABLE_MODULES = YES;
				CLANG_ENABLE_OBJC_ARC = YES;
				CLANG_WARN_BOOL_CONVERSION = YES;
				CLANG_WARN_CONSTANT_CONVERSION = YES;
				CLANG_WARN_DIRECT_OBJC_ISA_USAGE = YES_ERROR;
				CLANG_WARN_DOCUMENTATION_COMMENTS = YES;
				CLANG_WARN_EMPTY_BODY = YES;
				CLANG_WARN_ENUM_CONVERSION = YES;
				CLANG_WARN_INFINITE_RECURSION = YES;
				CLANG_WARN_INT_CONVERSION = YES;
				CLANG_WARN_OBJC_ROOT_CLASS = YES_ERROR;
				CLANG_WARN_SUSPICIOUS_MOVES = YES;
				CLANG_WARN_UNREACHABLE_CODE = YES;
				CLANG_WARN__DUPLICATE_METHOD_MATCH = YES;
				"CODE_SIGN_IDENTITY[sdk=iphoneos*]" = "iPhone Developer";
				COPY_PHASE_STRIP = NO;
				DEBUG_INFORMATION_FORMAT = dwarf;
				ENABLE_STRICT_OBJC_MSGSEND = YES;
				ENABLE_TESTABILITY = YES;
				GCC_C_LANGUAGE_STANDARD = gnu99;
				GCC_DYNAMIC_NO_PIC = NO;
				GCC_NO_COMMON_BLOCKS = YES;
				GCC_OPTIMIZATION_LEVEL = 0;
				GCC_PREPROCESSOR_DEFINITIONS = (
					"DEBUG=1",
					"$(inherited)",
				);
				GCC_WARN_64_TO_32_BIT_CONVERSION = YES;
				GCC_WARN_ABOUT_RETURN_TYPE = YES_ERROR;
				GCC_WARN_UNDECLARED_SELECTOR = YES;
				GCC_WARN_UNINITIALIZED_AUTOS = YES_AGGRESSIVE;
				GCC_WARN_UNUSED_FUNCTION = YES;
				GCC_WARN_UNUSED_VARIABLE = YES;
				IPHONEOS_DEPLOYMENT_TARGET = 10.1;
				MTL_ENABLE_DEBUG_INFO = YES;
				ONLY_ACTIVE_ARCH = YES;
				SDKROOT = iphoneos;
				SWIFT_ACTIVE_COMPILATION_CONDITIONS = DEBUG;
				SWIFT_OPTIMIZATION_LEVEL = "-Onone";
			};
			name = Debug;
		};
		F1A14CCA1DD6B33F00262503 /* Release */ = {
			isa = XCBuildConfiguration;
			buildSettings = {
				ALWAYS_SEARCH_USER_PATHS = NO;
				CLANG_ANALYZER_NONNULL = YES;
				CLANG_CXX_LANGUAGE_STANDARD = "gnu++0x";
				CLANG_CXX_LIBRARY = "libc++";
				CLANG_ENABLE_MODULES = YES;
				CLANG_ENABLE_OBJC_ARC = YES;
				CLANG_WARN_BOOL_CONVERSION = YES;
				CLANG_WARN_CONSTANT_CONVERSION = YES;
				CLANG_WARN_DIRECT_OBJC_ISA_USAGE = YES_ERROR;
				CLANG_WARN_DOCUMENTATION_COMMENTS = YES;
				CLANG_WARN_EMPTY_BODY = YES;
				CLANG_WARN_ENUM_CONVERSION = YES;
				CLANG_WARN_INFINITE_RECURSION = YES;
				CLANG_WARN_INT_CONVERSION = YES;
				CLANG_WARN_OBJC_ROOT_CLASS = YES_ERROR;
				CLANG_WARN_SUSPICIOUS_MOVES = YES;
				CLANG_WARN_UNREACHABLE_CODE = YES;
				CLANG_WARN__DUPLICATE_METHOD_MATCH = YES;
				"CODE_SIGN_IDENTITY[sdk=iphoneos*]" = "iPhone Developer";
				COPY_PHASE_STRIP = NO;
				DEBUG_INFORMATION_FORMAT = "dwarf-with-dsym";
				ENABLE_NS_ASSERTIONS = NO;
				ENABLE_STRICT_OBJC_MSGSEND = YES;
				GCC_C_LANGUAGE_STANDARD = gnu99;
				GCC_NO_COMMON_BLOCKS = YES;
				GCC_WARN_64_TO_32_BIT_CONVERSION = YES;
				GCC_WARN_ABOUT_RETURN_TYPE = YES_ERROR;
				GCC_WARN_UNDECLARED_SELECTOR = YES;
				GCC_WARN_UNINITIALIZED_AUTOS = YES_AGGRESSIVE;
				GCC_WARN_UNUSED_FUNCTION = YES;
				GCC_WARN_UNUSED_VARIABLE = YES;
				IPHONEOS_DEPLOYMENT_TARGET = 10.1;
				MTL_ENABLE_DEBUG_INFO = NO;
				SDKROOT = iphoneos;
				SWIFT_OPTIMIZATION_LEVEL = "-Owholemodule";
				VALIDATE_PRODUCT = YES;
			};
			name = Release;
		};
		F1A14CCC1DD6B33F00262503 /* Debug */ = {
			isa = XCBuildConfiguration;
			buildSettings = {
				ASSETCATALOG_COMPILER_APPICON_NAME = AppIcon;
				INFOPLIST_FILE = Hawaii/Info.plist;
				LD_RUNPATH_SEARCH_PATHS = "$(inherited) @executable_path/Frameworks";
				PRODUCT_BUNDLE_IDENTIFIER = ivy.Hawaii;
				PRODUCT_NAME = "$(TARGET_NAME)";
				SWIFT_VERSION = 3.0;
			};
			name = Debug;
		};
		F1A14CCD1DD6B33F00262503 /* Release */ = {
			isa = XCBuildConfiguration;
			buildSettings = {
				ASSETCATALOG_COMPILER_APPICON_NAME = AppIcon;
				INFOPLIST_FILE = Hawaii/Info.plist;
				LD_RUNPATH_SEARCH_PATHS = "$(inherited) @executable_path/Frameworks";
				PRODUCT_BUNDLE_IDENTIFIER = ivy.Hawaii;
				PRODUCT_NAME = "$(TARGET_NAME)";
				SWIFT_VERSION = 3.0;
			};
			name = Release;
		};
		F1A14CCF1DD6B33F00262503 /* Debug */ = {
			isa = XCBuildConfiguration;
			buildSettings = {
				ALWAYS_EMBED_SWIFT_STANDARD_LIBRARIES = YES;
				BUNDLE_LOADER = "$(TEST_HOST)";
				INFOPLIST_FILE = HawaiiTests/Info.plist;
				LD_RUNPATH_SEARCH_PATHS = "$(inherited) @executable_path/Frameworks @loader_path/Frameworks";
				PRODUCT_BUNDLE_IDENTIFIER = ivy.HawaiiTests;
				PRODUCT_NAME = "$(TARGET_NAME)";
				SWIFT_VERSION = 3.0;
				TEST_HOST = "$(BUILT_PRODUCTS_DIR)/Hawaii.app/Hawaii";
			};
			name = Debug;
		};
		F1A14CD01DD6B33F00262503 /* Release */ = {
			isa = XCBuildConfiguration;
			buildSettings = {
				ALWAYS_EMBED_SWIFT_STANDARD_LIBRARIES = YES;
				BUNDLE_LOADER = "$(TEST_HOST)";
				INFOPLIST_FILE = HawaiiTests/Info.plist;
				LD_RUNPATH_SEARCH_PATHS = "$(inherited) @executable_path/Frameworks @loader_path/Frameworks";
				PRODUCT_BUNDLE_IDENTIFIER = ivy.HawaiiTests;
				PRODUCT_NAME = "$(TARGET_NAME)";
				SWIFT_VERSION = 3.0;
				TEST_HOST = "$(BUILT_PRODUCTS_DIR)/Hawaii.app/Hawaii";
			};
			name = Release;
		};
/* End XCBuildConfiguration section */

/* Begin XCConfigurationList section */
		F1A14CA91DD6B33F00262503 /* Build configuration list for PBXProject "Hawaii" */ = {
			isa = XCConfigurationList;
			buildConfigurations = (
				F1A14CC91DD6B33F00262503 /* Debug */,
				F1A14CCA1DD6B33F00262503 /* Release */,
			);
			defaultConfigurationIsVisible = 0;
			defaultConfigurationName = Release;
		};
		F1A14CCB1DD6B33F00262503 /* Build configuration list for PBXNativeTarget "Hawaii" */ = {
			isa = XCConfigurationList;
			buildConfigurations = (
				F1A14CCC1DD6B33F00262503 /* Debug */,
				F1A14CCD1DD6B33F00262503 /* Release */,
			);
			defaultConfigurationIsVisible = 0;
		};
		F1A14CCE1DD6B33F00262503 /* Build configuration list for PBXNativeTarget "HawaiiTests" */ = {
			isa = XCConfigurationList;
			buildConfigurations = (
				F1A14CCF1DD6B33F00262503 /* Debug */,
				F1A14CD01DD6B33F00262503 /* Release */,
			);
			defaultConfigurationIsVisible = 0;
		};
/* End XCConfigurationList section */
	};
	rootObject = F1A14CA61DD6B33F00262503 /* Project object */;
}
